// !$*UTF8*$!
{
	archiveVersion = 1;
	classes = {
	};
	objectVersion = 46;
	objects = {

/* Begin PBXBuildFile section */
		B8E991D215FC8B00009BD34C /* UIKit.framework in Frameworks */ = {isa = PBXBuildFile; fileRef = B8E991D115FC8B00009BD34C /* UIKit.framework */; };
		B8E991D415FC8B00009BD34C /* Foundation.framework in Frameworks */ = {isa = PBXBuildFile; fileRef = B8E991D315FC8B00009BD34C /* Foundation.framework */; };
		B8E991D615FC8B00009BD34C /* CoreGraphics.framework in Frameworks */ = {isa = PBXBuildFile; fileRef = B8E991D515FC8B00009BD34C /* CoreGraphics.framework */; };
		B8E991DC15FC8B00009BD34C /* InfoPlist.strings in Resources */ = {isa = PBXBuildFile; fileRef = B8E991DA15FC8B00009BD34C /* InfoPlist.strings */; };
		B8E991DE15FC8B00009BD34C /* main.m in Sources */ = {isa = PBXBuildFile; fileRef = B8E991DD15FC8B00009BD34C /* main.m */; };
		B8E991E215FC8B00009BD34C /* AppDelegate.m in Sources */ = {isa = PBXBuildFile; fileRef = B8E991E115FC8B00009BD34C /* AppDelegate.m */; };
		B8E991EB15FC8B00009BD34C /* BMFirstViewController.m in Sources */ = {isa = PBXBuildFile; fileRef = B8E991EA15FC8B00009BD34C /* BMFirstViewController.m */; };
		B8E991F315FC8B00009BD34C /* SenTestingKit.framework in Frameworks */ = {isa = PBXBuildFile; fileRef = B8E991F215FC8B00009BD34C /* SenTestingKit.framework */; };
		B8E991F415FC8B00009BD34C /* UIKit.framework in Frameworks */ = {isa = PBXBuildFile; fileRef = B8E991D115FC8B00009BD34C /* UIKit.framework */; };
		B8E991F515FC8B00009BD34C /* Foundation.framework in Frameworks */ = {isa = PBXBuildFile; fileRef = B8E991D315FC8B00009BD34C /* Foundation.framework */; };
		B8E991FD15FC8B00009BD34C /* InfoPlist.strings in Resources */ = {isa = PBXBuildFile; fileRef = B8E991FB15FC8B00009BD34C /* InfoPlist.strings */; };
		B8E9920015FC8B00009BD34C /* BluetoothMusicTests.m in Sources */ = {isa = PBXBuildFile; fileRef = B8E991FF15FC8B00009BD34C /* BluetoothMusicTests.m */; };
		B8E9920E15FC8C64009BD34C /* GameKit.framework in Frameworks */ = {isa = PBXBuildFile; fileRef = B8E9920D15FC8C64009BD34C /* GameKit.framework */; };
/* End PBXBuildFile section */

/* Begin PBXContainerItemProxy section */
		B8E991F615FC8B00009BD34C /* PBXContainerItemProxy */ = {
			isa = PBXContainerItemProxy;
			containerPortal = B8E991C415FC8B00009BD34C /* Project object */;
			proxyType = 1;
			remoteGlobalIDString = B8E991CC15FC8B00009BD34C;
			remoteInfo = BluetoothMusic;
		};
/* End PBXContainerItemProxy section */

/* Begin PBXFileReference section */
		B8E991CD15FC8B00009BD34C /* BluetoothMusic.app */ = {isa = PBXFileReference; explicitFileType = wrapper.application; includeInIndex = 0; path = BluetoothMusic.app; sourceTree = BUILT_PRODUCTS_DIR; };
		B8E991D115FC8B00009BD34C /* UIKit.framework */ = {isa = PBXFileReference; lastKnownFileType = wrapper.framework; name = UIKit.framework; path = System/Library/Frameworks/UIKit.framework; sourceTree = SDKROOT; };
		B8E991D315FC8B00009BD34C /* Foundation.framework */ = {isa = PBXFileReference; lastKnownFileType = wrapper.framework; name = Foundation.framework; path = System/Library/Frameworks/Foundation.framework; sourceTree = SDKROOT; };
		B8E991D515FC8B00009BD34C /* CoreGraphics.framework */ = {isa = PBXFileReference; lastKnownFileType = wrapper.framework; name = CoreGraphics.framework; path = System/Library/Frameworks/CoreGraphics.framework; sourceTree = SDKROOT; };
		B8E991D915FC8B00009BD34C /* BluetoothMusic-Info.plist */ = {isa = PBXFileReference; lastKnownFileType = text.plist.xml; path = "BluetoothMusic-Info.plist"; sourceTree = "<group>"; };
		B8E991DB15FC8B00009BD34C /* en */ = {isa = PBXFileReference; lastKnownFileType = text.plist.strings; name = en; path = en.lproj/InfoPlist.strings; sourceTree = "<group>"; };
		B8E991DD15FC8B00009BD34C /* main.m */ = {isa = PBXFileReference; lastKnownFileType = sourcecode.c.objc; path = main.m; sourceTree = "<group>"; };
		B8E991DF15FC8B00009BD34C /* BluetoothMusic-Prefix.pch */ = {isa = PBXFileReference; lastKnownFileType = sourcecode.c.h; path = "BluetoothMusic-Prefix.pch"; sourceTree = "<group>"; };
		B8E991E015FC8B00009BD34C /* AppDelegate.h */ = {isa = PBXFileReference; lastKnownFileType = sourcecode.c.h; path = AppDelegate.h; sourceTree = "<group>"; };
		B8E991E115FC8B00009BD34C /* AppDelegate.m */ = {isa = PBXFileReference; lastKnownFileType = sourcecode.c.objc; path = AppDelegate.m; sourceTree = "<group>"; };
		B8E991E915FC8B00009BD34C /* BMFirstViewController.h */ = {isa = PBXFileReference; lastKnownFileType = sourcecode.c.h; path = BMFirstViewController.h; sourceTree = "<group>"; };
		B8E991EA15FC8B00009BD34C /* BMFirstViewController.m */ = {isa = PBXFileReference; lastKnownFileType = sourcecode.c.objc; path = BMFirstViewController.m; sourceTree = "<group>"; };
		B8E991F115FC8B00009BD34C /* BluetoothMusicTests.octest */ = {isa = PBXFileReference; explicitFileType = wrapper.cfbundle; includeInIndex = 0; path = BluetoothMusicTests.octest; sourceTree = BUILT_PRODUCTS_DIR; };
		B8E991F215FC8B00009BD34C /* SenTestingKit.framework */ = {isa = PBXFileReference; lastKnownFileType = wrapper.framework; name = SenTestingKit.framework; path = Library/Frameworks/SenTestingKit.framework; sourceTree = DEVELOPER_DIR; };
		B8E991FA15FC8B00009BD34C /* BluetoothMusicTests-Info.plist */ = {isa = PBXFileReference; lastKnownFileType = text.plist.xml; path = "BluetoothMusicTests-Info.plist"; sourceTree = "<group>"; };
		B8E991FC15FC8B00009BD34C /* en */ = {isa = PBXFileReference; lastKnownFileType = text.plist.strings; name = en; path = en.lproj/InfoPlist.strings; sourceTree = "<group>"; };
		B8E991FE15FC8B00009BD34C /* BluetoothMusicTests.h */ = {isa = PBXFileReference; lastKnownFileType = sourcecode.c.h; path = BluetoothMusicTests.h; sourceTree = "<group>"; };
		B8E991FF15FC8B00009BD34C /* BluetoothMusicTests.m */ = {isa = PBXFileReference; lastKnownFileType = sourcecode.c.objc; path = BluetoothMusicTests.m; sourceTree = "<group>"; };
		B8E9920D15FC8C64009BD34C /* GameKit.framework */ = {isa = PBXFileReference; lastKnownFileType = wrapper.framework; name = GameKit.framework; path = System/Library/Frameworks/GameKit.framework; sourceTree = SDKROOT; };
/* End PBXFileReference section */

/* Begin PBXFrameworksBuildPhase section */
		B8E991CA15FC8B00009BD34C /* Frameworks */ = {
			isa = PBXFrameworksBuildPhase;
			buildActionMask = 2147483647;
			files = (
				B8E9920E15FC8C64009BD34C /* GameKit.framework in Frameworks */,
				B8E991D215FC8B00009BD34C /* UIKit.framework in Frameworks */,
				B8E991D415FC8B00009BD34C /* Foundation.framework in Frameworks */,
				B8E991D615FC8B00009BD34C /* CoreGraphics.framework in Frameworks */,
			);
			runOnlyForDeploymentPostprocessing = 0;
		};
		B8E991ED15FC8B00009BD34C /* Frameworks */ = {
			isa = PBXFrameworksBuildPhase;
			buildActionMask = 2147483647;
			files = (
				B8E991F315FC8B00009BD34C /* SenTestingKit.framework in Frameworks */,
				B8E991F415FC8B00009BD34C /* UIKit.framework in Frameworks */,
				B8E991F515FC8B00009BD34C /* Foundation.framework in Frameworks */,
			);
			runOnlyForDeploymentPostprocessing = 0;
		};
/* End PBXFrameworksBuildPhase section */

/* Begin PBXGroup section */
		B8E991C215FC8B00009BD34C = {
			isa = PBXGroup;
			children = (
				B8E991D715FC8B00009BD34C /* BluetoothMusic */,
				B8E991F815FC8B00009BD34C /* BluetoothMusicTests */,
				B8E991D015FC8B00009BD34C /* Frameworks */,
				B8E991CE15FC8B00009BD34C /* Products */,
			);
			sourceTree = "<group>";
		};
		B8E991CE15FC8B00009BD34C /* Products */ = {
			isa = PBXGroup;
			children = (
				B8E991CD15FC8B00009BD34C /* BluetoothMusic.app */,
				B8E991F115FC8B00009BD34C /* BluetoothMusicTests.octest */,
			);
			name = Products;
			sourceTree = "<group>";
		};
		B8E991D015FC8B00009BD34C /* Frameworks */ = {
			isa = PBXGroup;
			children = (
				B8E9920D15FC8C64009BD34C /* GameKit.framework */,
				B8E991D115FC8B00009BD34C /* UIKit.framework */,
				B8E991D315FC8B00009BD34C /* Foundation.framework */,
				B8E991D515FC8B00009BD34C /* CoreGraphics.framework */,
				B8E991F215FC8B00009BD34C /* SenTestingKit.framework */,
			);
			name = Frameworks;
			sourceTree = "<group>";
		};
		B8E991D715FC8B00009BD34C /* BluetoothMusic */ = {
			isa = PBXGroup;
			children = (
				B8E991E015FC8B00009BD34C /* AppDelegate.h */,
				B8E991E115FC8B00009BD34C /* AppDelegate.m */,
				B8E991E915FC8B00009BD34C /* BMFirstViewController.h */,
				B8E991EA15FC8B00009BD34C /* BMFirstViewController.m */,
				B8E991D815FC8B00009BD34C /* Supporting Files */,
			);
			path = BluetoothMusic;
			sourceTree = "<group>";
		};
		B8E991D815FC8B00009BD34C /* Supporting Files */ = {
			isa = PBXGroup;
			children = (
				B8E991D915FC8B00009BD34C /* BluetoothMusic-Info.plist */,
				B8E991DA15FC8B00009BD34C /* InfoPlist.strings */,
				B8E991DD15FC8B00009BD34C /* main.m */,
				B8E991DF15FC8B00009BD34C /* BluetoothMusic-Prefix.pch */,
			);
			name = "Supporting Files";
			sourceTree = "<group>";
		};
		B8E991F815FC8B00009BD34C /* BluetoothMusicTests */ = {
			isa = PBXGroup;
			children = (
				B8E991FE15FC8B00009BD34C /* BluetoothMusicTests.h */,
				B8E991FF15FC8B00009BD34C /* BluetoothMusicTests.m */,
				B8E991F915FC8B00009BD34C /* Supporting Files */,
			);
			path = BluetoothMusicTests;
			sourceTree = "<group>";
		};
		B8E991F915FC8B00009BD34C /* Supporting Files */ = {
			isa = PBXGroup;
			children = (
				B8E991FA15FC8B00009BD34C /* BluetoothMusicTests-Info.plist */,
				B8E991FB15FC8B00009BD34C /* InfoPlist.strings */,
			);
			name = "Supporting Files";
			sourceTree = "<group>";
		};
/* End PBXGroup section */

/* Begin PBXNativeTarget section */
		B8E991CC15FC8B00009BD34C /* BluetoothMusic */ = {
			isa = PBXNativeTarget;
			buildConfigurationList = B8E9920315FC8B00009BD34C /* Build configuration list for PBXNativeTarget "BluetoothMusic" */;
			buildPhases = (
				B8E991C915FC8B00009BD34C /* Sources */,
				B8E991CA15FC8B00009BD34C /* Frameworks */,
				B8E991CB15FC8B00009BD34C /* Resources */,
			);
			buildRules = (
			);
			dependencies = (
			);
			name = BluetoothMusic;
			productName = BluetoothMusic;
			productReference = B8E991CD15FC8B00009BD34C /* BluetoothMusic.app */;
			productType = "com.apple.product-type.application";
		};
		B8E991F015FC8B00009BD34C /* BluetoothMusicTests */ = {
			isa = PBXNativeTarget;
			buildConfigurationList = B8E9920615FC8B00009BD34C /* Build configuration list for PBXNativeTarget "BluetoothMusicTests" */;
			buildPhases = (
				B8E991EC15FC8B00009BD34C /* Sources */,
				B8E991ED15FC8B00009BD34C /* Frameworks */,
				B8E991EE15FC8B00009BD34C /* Resources */,
				B8E991EF15FC8B00009BD34C /* ShellScript */,
			);
			buildRules = (
			);
			dependencies = (
				B8E991F715FC8B00009BD34C /* PBXTargetDependency */,
			);
			name = BluetoothMusicTests;
			productName = BluetoothMusicTests;
			productReference = B8E991F115FC8B00009BD34C /* BluetoothMusicTests.octest */;
			productType = "com.apple.product-type.bundle";
		};
/* End PBXNativeTarget section */

/* Begin PBXProject section */
		B8E991C415FC8B00009BD34C /* Project object */ = {
			isa = PBXProject;
			attributes = {
				LastUpgradeCheck = 0440;
				ORGANIZATIONNAME = Akifumi;
			};
			buildConfigurationList = B8E991C715FC8B00009BD34C /* Build configuration list for PBXProject "BluetoothMusic" */;
			compatibilityVersion = "Xcode 3.2";
			developmentRegion = English;
			hasScannedForEncodings = 0;
			knownRegions = (
				en,
			);
			mainGroup = B8E991C215FC8B00009BD34C;
			productRefGroup = B8E991CE15FC8B00009BD34C /* Products */;
			projectDirPath = "";
			projectRoot = "";
			targets = (
				B8E991CC15FC8B00009BD34C /* BluetoothMusic */,
				B8E991F015FC8B00009BD34C /* BluetoothMusicTests */,
			);
		};
/* End PBXProject section */

/* Begin PBXResourcesBuildPhase section */
		B8E991CB15FC8B00009BD34C /* Resources */ = {
			isa = PBXResourcesBuildPhase;
			buildActionMask = 2147483647;
			files = (
				B8E991DC15FC8B00009BD34C /* InfoPlist.strings in Resources */,
			);
			runOnlyForDeploymentPostprocessing = 0;
		};
		B8E991EE15FC8B00009BD34C /* Resources */ = {
			isa = PBXResourcesBuildPhase;
			buildActionMask = 2147483647;
			files = (
				B8E991FD15FC8B00009BD34C /* InfoPlist.strings in Resources */,
			);
			runOnlyForDeploymentPostprocessing = 0;
		};
/* End PBXResourcesBuildPhase section */

/* Begin PBXShellScriptBuildPhase section */
		B8E991EF15FC8B00009BD34C /* ShellScript */ = {
			isa = PBXShellScriptBuildPhase;
			buildActionMask = 2147483647;
			files = (
			);
			inputPaths = (
			);
			outputPaths = (
			);
			runOnlyForDeploymentPostprocessing = 0;
			shellPath = /bin/sh;
			shellScript = "# Run the unit tests in this test bundle.\n\"${SYSTEM_DEVELOPER_DIR}/Tools/RunUnitTests\"\n";
		};
/* End PBXShellScriptBuildPhase section */

/* Begin PBXSourcesBuildPhase section */
		B8E991C915FC8B00009BD34C /* Sources */ = {
			isa = PBXSourcesBuildPhase;
			buildActionMask = 2147483647;
			files = (
				B8E991DE15FC8B00009BD34C /* main.m in Sources */,
				B8E991E215FC8B00009BD34C /* AppDelegate.m in Sources */,
				B8E991EB15FC8B00009BD34C /* BMFirstViewController.m in Sources */,
			);
			runOnlyForDeploymentPostprocessing = 0;
		};
		B8E991EC15FC8B00009BD34C /* Sources */ = {
			isa = PBXSourcesBuildPhase;
			buildActionMask = 2147483647;
			files = (
				B8E9920015FC8B00009BD34C /* BluetoothMusicTests.m in Sources */,
			);
			runOnlyForDeploymentPostprocessing = 0;
		};
/* End PBXSourcesBuildPhase section */

/* Begin PBXTargetDependency section */
		B8E991F715FC8B00009BD34C /* PBXTargetDependency */ = {
			isa = PBXTargetDependency;
			target = B8E991CC15FC8B00009BD34C /* BluetoothMusic */;
			targetProxy = B8E991F615FC8B00009BD34C /* PBXContainerItemProxy */;
		};
/* End PBXTargetDependency section */

/* Begin PBXVariantGroup section */
		B8E991DA15FC8B00009BD34C /* InfoPlist.strings */ = {
			isa = PBXVariantGroup;
			children = (
				B8E991DB15FC8B00009BD34C /* en */,
			);
			name = InfoPlist.strings;
			sourceTree = "<group>";
		};
		B8E991FB15FC8B00009BD34C /* InfoPlist.strings */ = {
			isa = PBXVariantGroup;
			children = (
				B8E991FC15FC8B00009BD34C /* en */,
			);
			name = InfoPlist.strings;
			sourceTree = "<group>";
		};
/* End PBXVariantGroup section */

/* Begin XCBuildConfiguration section */
		B8E9920115FC8B00009BD34C /* Debug */ = {
			isa = XCBuildConfiguration;
			buildSettings = {
				ALWAYS_SEARCH_USER_PATHS = NO;
				ARCHS = "$(ARCHS_STANDARD_32_BIT)";
				CLANG_CXX_LANGUAGE_STANDARD = "gnu++0x";
				CLANG_ENABLE_OBJC_ARC = YES;
				CLANG_WARN__DUPLICATE_METHOD_MATCH = YES;
				"CODE_SIGN_IDENTITY[sdk=iphoneos*]" = "iPhone Developer";
				COPY_PHASE_STRIP = NO;
				GCC_C_LANGUAGE_STANDARD = gnu99;
				GCC_DYNAMIC_NO_PIC = NO;
				GCC_OPTIMIZATION_LEVEL = 0;
				GCC_PREPROCESSOR_DEFINITIONS = (
					"DEBUG=1",
					"$(inherited)",
				);
				GCC_SYMBOLS_PRIVATE_EXTERN = NO;
				GCC_VERSION = com.apple.compilers.llvm.clang.1_0;
				GCC_WARN_ABOUT_RETURN_TYPE = YES;
				GCC_WARN_UNINITIALIZED_AUTOS = YES;
				GCC_WARN_UNUSED_VARIABLE = YES;
				IPHONEOS_DEPLOYMENT_TARGET = 5.1;
				SDKROOT = iphoneos;
				TARGETED_DEVICE_FAMILY = "1,2";
			};
			name = Debug;
		};
		B8E9920215FC8B00009BD34C /* Release */ = {
			isa = XCBuildConfiguration;
			buildSettings = {
				ALWAYS_SEARCH_USER_PATHS = NO;
				ARCHS = "$(ARCHS_STANDARD_32_BIT)";
				CLANG_CXX_LANGUAGE_STANDARD = "gnu++0x";
				CLANG_ENABLE_OBJC_ARC = YES;
				CLANG_WARN__DUPLICATE_METHOD_MATCH = YES;
				"CODE_SIGN_IDENTITY[sdk=iphoneos*]" = "iPhone Developer";
				COPY_PHASE_STRIP = YES;
				GCC_C_LANGUAGE_STANDARD = gnu99;
				GCC_VERSION = com.apple.compilers.llvm.clang.1_0;
				GCC_WARN_ABOUT_RETURN_TYPE = YES;
				GCC_WARN_UNINITIALIZED_AUTOS = YES;
				GCC_WARN_UNUSED_VARIABLE = YES;
				IPHONEOS_DEPLOYMENT_TARGET = 5.1;
				OTHER_CFLAGS = "-DNS_BLOCK_ASSERTIONS=1";
				SDKROOT = iphoneos;
				TARGETED_DEVICE_FAMILY = "1,2";
				VALIDATE_PRODUCT = YES;
			};
			name = Release;
		};
		B8E9920415FC8B00009BD34C /* Debug */ = {
			isa = XCBuildConfiguration;
			buildSettings = {
				GCC_PRECOMPILE_PREFIX_HEADER = YES;
				GCC_PREFIX_HEADER = "BluetoothMusic/BluetoothMusic-Prefix.pch";
				INFOPLIST_FILE = "BluetoothMusic/BluetoothMusic-Info.plist";
				PRODUCT_NAME = "$(TARGET_NAME)";
				WRAPPER_EXTENSION = app;
			};
			name = Debug;
		};
		B8E9920515FC8B00009BD34C /* Release */ = {
			isa = XCBuildConfiguration;
			buildSettings = {
				GCC_PRECOMPILE_PREFIX_HEADER = YES;
				GCC_PREFIX_HEADER = "BluetoothMusic/BluetoothMusic-Prefix.pch";
				INFOPLIST_FILE = "BluetoothMusic/BluetoothMusic-Info.plist";
				PRODUCT_NAME = "$(TARGET_NAME)";
				WRAPPER_EXTENSION = app;
			};
			name = Release;
		};
		B8E9920715FC8B00009BD34C /* Debug */ = {
			isa = XCBuildConfiguration;
			buildSettings = {
				BUNDLE_LOADER = "$(BUILT_PRODUCTS_DIR)/BluetoothMusic.app/BluetoothMusic";
				FRAMEWORK_SEARCH_PATHS = (
					"\"$(SDKROOT)/Developer/Library/Frameworks\"",
					"\"$(DEVELOPER_LIBRARY_DIR)/Frameworks\"",
				);
				GCC_PRECOMPILE_PREFIX_HEADER = YES;
				GCC_PREFIX_HEADER = "BluetoothMusic/BluetoothMusic-Prefix.pch";
				INFOPLIST_FILE = "BluetoothMusicTests/BluetoothMusicTests-Info.plist";
				PRODUCT_NAME = "$(TARGET_NAME)";
				TEST_HOST = "$(BUNDLE_LOADER)";
				WRAPPER_EXTENSION = octest;
			};
			name = Debug;
		};
		B8E9920815FC8B00009BD34C /* Release */ = {
			isa = XCBuildConfiguration;
			buildSettings = {
				BUNDLE_LOADER = "$(BUILT_PRODUCTS_DIR)/BluetoothMusic.app/BluetoothMusic";
				FRAMEWORK_SEARCH_PATHS = (
					"\"$(SDKROOT)/Developer/Library/Frameworks\"",
					"\"$(DEVELOPER_LIBRARY_DIR)/Frameworks\"",
				);
				GCC_PRECOMPILE_PREFIX_HEADER = YES;
				GCC_PREFIX_HEADER = "BluetoothMusic/BluetoothMusic-Prefix.pch";
				INFOPLIST_FILE = "BluetoothMusicTests/BluetoothMusicTests-Info.plist";
				PRODUCT_NAME = "$(TARGET_NAME)";
				TEST_HOST = "$(BUNDLE_LOADER)";
				WRAPPER_EXTENSION = octest;
			};
			name = Release;
		};
/* End XCBuildConfiguration section */

/* Begin XCConfigurationList section */
		B8E991C715FC8B00009BD34C /* Build configuration list for PBXProject "BluetoothMusic" */ = {
			isa = XCConfigurationList;
			buildConfigurations = (
				B8E9920115FC8B00009BD34C /* Debug */,
				B8E9920215FC8B00009BD34C /* Release */,
			);
			defaultConfigurationIsVisible = 0;
			defaultConfigurationName = Release;
		};
		B8E9920315FC8B00009BD34C /* Build configuration list for PBXNativeTarget "BluetoothMusic" */ = {
			isa = XCConfigurationList;
			buildConfigurations = (
				B8E9920415FC8B00009BD34C /* Debug */,
				B8E9920515FC8B00009BD34C /* Release */,
			);
			defaultConfigurationIsVisible = 0;
			defaultConfigurationName = Release;
		};
		B8E9920615FC8B00009BD34C /* Build configuration list for PBXNativeTarget "BluetoothMusicTests" */ = {
			isa = XCConfigurationList;
			buildConfigurations = (
				B8E9920715FC8B00009BD34C /* Debug */,
				B8E9920815FC8B00009BD34C /* Release */,
			);
			defaultConfigurationIsVisible = 0;
			defaultConfigurationName = Release;
		};
/* End XCConfigurationList section */
	};
	rootObject = B8E991C415FC8B00009BD34C /* Project object */;
}
